
Microsoft Visual Studio Solution File, Format Version 12.00
# Visual Studio Version 17
VisualStudioVersion = 17.6.33829.357
MinimumVisualStudioVersion = 10.0.40219.1
Project("{FAE04EC0-301F-11D3-BF4B-00C04F79EFBC}") = "PreRelease", "PreRelease\PreRelease.csproj", "{6F89DCFE-3772-4E15-A881-37CCDE370854}"
EndProject
Project("{FAE04EC0-301F-11D3-BF4B-00C04F79EFBC}") = "PreReleaseOriginal", "PreReleaseOriginal\PreReleaseOriginal.csproj", "{C8081F1B-862E-45E9-9A86-ED23AF8D7333}"
EndProject
Global
	GlobalSection(SolutionConfigurationPlatforms) = preSolution
		Debug|Any CPU = Debug|Any CPU
		Release|Any CPU = Release|Any CPU
	EndGlobalSection
	GlobalSection(ProjectConfigurationPlatforms) = postSolution
		{6F89DCFE-3772-4E15-A881-37CCDE370854}.Debug|Any CPU.ActiveCfg = Debug|Any CPU
		{6F89DCFE-3772-4E15-A881-37CCDE370854}.Debug|Any CPU.Build.0 = Debug|Any CPU
		{6F89DCFE-3772-4E15-A881-37CCDE370854}.Release|Any CPU.ActiveCfg = Release|Any CPU
		{6F89DCFE-3772-4E15-A881-37CCDE370854}.Release|Any CPU.Build.0 = Release|Any CPU
		{C8081F1B-862E-45E9-9A86-ED23AF8D7333}.Debug|Any CPU.ActiveCfg = Debug|Any CPU
		{C8081F1B-862E-45E9-9A86-ED23AF8D7333}.Debug|Any CPU.Build.0 = Debug|Any CPU
		{C8081F1B-862E-45E9-9A86-ED23AF8D7333}.Release|Any CPU.ActiveCfg = Release|Any CPU
		{C8081F1B-862E-45E9-9A86-ED23AF8D7333}.Release|Any CPU.Build.0 = Release|Any CPU
	EndGlobalSection
	GlobalSection(SolutionProperties) = preSolution
		HideSolutionNode = FALSE
	EndGlobalSection
	GlobalSection(ExtensibilityGlobals) = postSolution
		SolutionGuid = {539570C8-5A73-46E4-A4C5-1CE637457375}
	EndGlobalSection
EndGlobal
